// !$*UTF8*$!
{
	archiveVersion = 1;
	classes = {
	};
	objectVersion = 55;
	objects = {

/* Begin PBXBuildFile section */
		4510A3A429A5E68600B35BEE /* CategoryCollectionView.swift in Sources */ = {isa = PBXBuildFile; fileRef = 4510A3A329A5E68600B35BEE /* CategoryCollectionView.swift */; };
		4510A3A829A5E6AF00B35BEE /* CategoryCollectionViewCell.swift in Sources */ = {isa = PBXBuildFile; fileRef = 4510A3A729A5E6AF00B35BEE /* CategoryCollectionViewCell.swift */; };
		4510A3AB29A5F8F000B35BEE /* TabBarController.swift in Sources */ = {isa = PBXBuildFile; fileRef = 4510A3AA29A5F8F000B35BEE /* TabBarController.swift */; };
		4510A3AE29A5FA1700B35BEE /* TabBarViewModel.swift in Sources */ = {isa = PBXBuildFile; fileRef = 4510A3AD29A5FA1700B35BEE /* TabBarViewModel.swift */; };
		4510A3B129A6044B00B35BEE /* CategorytViewController.swift in Sources */ = {isa = PBXBuildFile; fileRef = 4510A3B029A6044B00B35BEE /* CategorytViewController.swift */; };
		4510A3B429A604C500B35BEE /* SearchBarView.swift in Sources */ = {isa = PBXBuildFile; fileRef = 4510A3B329A604C500B35BEE /* SearchBarView.swift */; };
		4510A3B829A60B3F00B35BEE /* EventCategoryListView.swift in Sources */ = {isa = PBXBuildFile; fileRef = 4510A3B729A60B3F00B35BEE /* EventCategoryListView.swift */; };
		4510A3BB29A6133F00B35BEE /* EventCategoryListViewCell.swift in Sources */ = {isa = PBXBuildFile; fileRef = 4510A3BA29A6133F00B35BEE /* EventCategoryListViewCell.swift */; };
		4510A3C129A6225D00B35BEE /* CategoryListView.swift in Sources */ = {isa = PBXBuildFile; fileRef = 4510A3C029A6225D00B35BEE /* CategoryListView.swift */; };
		4510A3C429A622DE00B35BEE /* CategoryListViewCell.swift in Sources */ = {isa = PBXBuildFile; fileRef = 4510A3C329A622DE00B35BEE /* CategoryListViewCell.swift */; };
		453FB749299E196B0074D441 /* HomeViewConcoller.swift in Sources */ = {isa = PBXBuildFile; fileRef = 453FB748299E196B0074D441 /* HomeViewConcoller.swift */; };
		4541EAED29B0631200F1C2FA /* BannerCollectionView.swift in Sources */ = {isa = PBXBuildFile; fileRef = 4541EAEC29B0631200F1C2FA /* BannerCollectionView.swift */; };
		4541EAEF29B065BA00F1C2FA /* BannerCollectionViewCell.swift in Sources */ = {isa = PBXBuildFile; fileRef = 4541EAEE29B065BA00F1C2FA /* BannerCollectionViewCell.swift */; };
		4541EAF329B0754800F1C2FA /* RecommendModel.swift in Sources */ = {isa = PBXBuildFile; fileRef = 4541EAF229B0754800F1C2FA /* RecommendModel.swift */; };
		4541EAF629B07B4300F1C2FA /* BannerCollectionViewModel.swift in Sources */ = {isa = PBXBuildFile; fileRef = 4541EAF529B07B4300F1C2FA /* BannerCollectionViewModel.swift */; };
		455F847E299E18B200A22DA0 /* AppDelegate.swift in Sources */ = {isa = PBXBuildFile; fileRef = 455F847D299E18B200A22DA0 /* AppDelegate.swift */; };
		455F8480299E18B200A22DA0 /* SceneDelegate.swift in Sources */ = {isa = PBXBuildFile; fileRef = 455F847F299E18B200A22DA0 /* SceneDelegate.swift */; };
		455F8487299E18B200A22DA0 /* Assets.xcassets in Resources */ = {isa = PBXBuildFile; fileRef = 455F8486299E18B200A22DA0 /* Assets.xcassets */; };
		455F848A299E18B200A22DA0 /* LaunchScreen.storyboard in Resources */ = {isa = PBXBuildFile; fileRef = 455F8488299E18B200A22DA0 /* LaunchScreen.storyboard */; };
		45830F80299E1C6D0054B30A /* HeaderSectionView.swift in Sources */ = {isa = PBXBuildFile; fileRef = 45830F7F299E1C6D0054B30A /* HeaderSectionView.swift */; };
		45830F86299E28A80054B30A /* MenuButtonSectionView.swift in Sources */ = {isa = PBXBuildFile; fileRef = 45830F85299E28A80054B30A /* MenuButtonSectionView.swift */; };
		45830F89299E28EC0054B30A /* MenuButtonSectionViewModel.swift in Sources */ = {isa = PBXBuildFile; fileRef = 45830F88299E28EC0054B30A /* MenuButtonSectionViewModel.swift */; };
		45830F8D299E29DD0054B30A /* MenuData.swift in Sources */ = {isa = PBXBuildFile; fileRef = 45830F8C299E29DD0054B30A /* MenuData.swift */; };
		45830FC3299F66F70054B30A /* HomeViewModel.swift in Sources */ = {isa = PBXBuildFile; fileRef = 45830FC2299F66F70054B30A /* HomeViewModel.swift */; };
		45830FC5299F675C0054B30A /* HeaderSectionViewModel.swift in Sources */ = {isa = PBXBuildFile; fileRef = 45830FC4299F675C0054B30A /* HeaderSectionViewModel.swift */; };
		45830FDB29A1FA800054B30A /* RecommendViewController.swift in Sources */ = {isa = PBXBuildFile; fileRef = 45830FDA29A1FA7F0054B30A /* RecommendViewController.swift */; };
		45830FE429A224980054B30A /* RankingViewController.swift in Sources */ = {isa = PBXBuildFile; fileRef = 45830FE329A224980054B30A /* RankingViewController.swift */; };
		45830FE629A224A30054B30A /* StyleViewController.swift in Sources */ = {isa = PBXBuildFile; fileRef = 45830FE529A224A30054B30A /* StyleViewController.swift */; };
		45830FE829A224AB0054B30A /* SaleViewContorller.swift in Sources */ = {isa = PBXBuildFile; fileRef = 45830FE729A224AB0054B30A /* SaleViewContorller.swift */; };
		45830FEA29A224B30054B30A /* EventViewController.swift in Sources */ = {isa = PBXBuildFile; fileRef = 45830FE929A224B30054B30A /* EventViewController.swift */; };
		459A3EE529ACA3AB00FC0164 /* CategoryModel.swift in Sources */ = {isa = PBXBuildFile; fileRef = 459A3EE429ACA3AB00FC0164 /* CategoryModel.swift */; };
		459A3EE729ACB79300FC0164 /* HomeModel.swift in Sources */ = {isa = PBXBuildFile; fileRef = 459A3EE629ACB79300FC0164 /* HomeModel.swift */; };
		459A3EE929ADBE2B00FC0164 /* EventCategoryCellData.swift in Sources */ = {isa = PBXBuildFile; fileRef = 459A3EE829ADBE2B00FC0164 /* EventCategoryCellData.swift */; };
		459A3EEB29ADBE6A00FC0164 /* EventCategoryDTO.swift in Sources */ = {isa = PBXBuildFile; fileRef = 459A3EEA29ADBE6A00FC0164 /* EventCategoryDTO.swift */; };
		459A3EED29ADBFAD00FC0164 /* FetchEventCategoryAPI.swift in Sources */ = {isa = PBXBuildFile; fileRef = 459A3EEC29ADBFAD00FC0164 /* FetchEventCategoryAPI.swift */; };
		459A3EEF29ADC08000FC0164 /* FetchEventCategoryNetwork.swift in Sources */ = {isa = PBXBuildFile; fileRef = 459A3EEE29ADC08000FC0164 /* FetchEventCategoryNetwork.swift */; };
		459A3EF129ADCBED00FC0164 /* RecommendViewModel.swift in Sources */ = {isa = PBXBuildFile; fileRef = 459A3EF029ADCBED00FC0164 /* RecommendViewModel.swift */; };
		459A3EF329ADE46E00FC0164 /* CategoryCellData.swift in Sources */ = {isa = PBXBuildFile; fileRef = 459A3EF229ADE46D00FC0164 /* CategoryCellData.swift */; };
		459A3EF529ADE49700FC0164 /* CategoryCellDTO.swift in Sources */ = {isa = PBXBuildFile; fileRef = 459A3EF429ADE49700FC0164 /* CategoryCellDTO.swift */; };
		459A3EF729ADE56B00FC0164 /* FetchCategoryAPI.swift in Sources */ = {isa = PBXBuildFile; fileRef = 459A3EF629ADE56B00FC0164 /* FetchCategoryAPI.swift */; };
		459A3EF929ADE57600FC0164 /* FetchCategoryNetwork.swift in Sources */ = {isa = PBXBuildFile; fileRef = 459A3EF829ADE57600FC0164 /* FetchCategoryNetwork.swift */; };
		459A3EFB29ADF0D700FC0164 /* ItemTypeTableViewModel.swift in Sources */ = {isa = PBXBuildFile; fileRef = 459A3EFA29ADF0D700FC0164 /* ItemTypeTableViewModel.swift */; };
		459A3F0829AEEEE600FC0164 /* BannerPageData.swift in Sources */ = {isa = PBXBuildFile; fileRef = 459A3F0729AEEEE600FC0164 /* BannerPageData.swift */; };
		459A3F0A29AEEF1200FC0164 /* BannerPageDTO.swift in Sources */ = {isa = PBXBuildFile; fileRef = 459A3F0929AEEF1200FC0164 /* BannerPageDTO.swift */; };
		459A3F0C29AEF02800FC0164 /* FetchBannerPageAPI.swift in Sources */ = {isa = PBXBuildFile; fileRef = 459A3F0B29AEF02800FC0164 /* FetchBannerPageAPI.swift */; };
		459A3F0E29AEF09100FC0164 /* FetchBannerPageNetwork.swift in Sources */ = {isa = PBXBuildFile; fileRef = 459A3F0D29AEF09100FC0164 /* FetchBannerPageNetwork.swift */; };
		45B945A129A7474E0069B5F8 /* CategoryViewModel.swift in Sources */ = {isa = PBXBuildFile; fileRef = 45B945A029A7474E0069B5F8 /* CategoryViewModel.swift */; };
		45B945A329A747E00069B5F8 /* EventCategoryListViewModel.swift in Sources */ = {isa = PBXBuildFile; fileRef = 45B945A229A747E00069B5F8 /* EventCategoryListViewModel.swift */; };
		45B945A729A7561D0069B5F8 /* CategoryListViewModel.swift in Sources */ = {isa = PBXBuildFile; fileRef = 45B945A629A7561D0069B5F8 /* CategoryListViewModel.swift */; };
		45B945A929A75EE40069B5F8 /* ItemTypeData.swift in Sources */ = {isa = PBXBuildFile; fileRef = 45B945A829A75EE40069B5F8 /* ItemTypeData.swift */; };
		45B945AB29A7651C0069B5F8 /* ItemTypeTableView.swift in Sources */ = {isa = PBXBuildFile; fileRef = 45B945AA29A7651C0069B5F8 /* ItemTypeTableView.swift */; };
		45B945B029A7654F0069B5F8 /* ItemTypeTableViewCell.swift in Sources */ = {isa = PBXBuildFile; fileRef = 45B945AF29A7654F0069B5F8 /* ItemTypeTableViewCell.swift */; };
		45B945B229A7655A0069B5F8 /* ItemTypeDetailCollectionView.swift in Sources */ = {isa = PBXBuildFile; fileRef = 45B945B129A7655A0069B5F8 /* ItemTypeDetailCollectionView.swift */; };
		45B945B429A765660069B5F8 /* ItemTypeDetailCollectionViewCell.swift in Sources */ = {isa = PBXBuildFile; fileRef = 45B945B329A765660069B5F8 /* ItemTypeDetailCollectionViewCell.swift */; };
		45B945BC29A77B1A0069B5F8 /* ItemTypeDetailCollectionViewHeader.swift in Sources */ = {isa = PBXBuildFile; fileRef = 45B945BB29A77B1A0069B5F8 /* ItemTypeDetailCollectionViewHeader.swift */; };
		F575F6A6454AE2B736E8307A /* Pods_SmartCommerce_iOS.framework in Frameworks */ = {isa = PBXBuildFile; fileRef = 6255257686C9225CC2843B16 /* Pods_SmartCommerce_iOS.framework */; };
/* End PBXBuildFile section */

/* Begin PBXFileReference section */
		4510A3A329A5E68600B35BEE /* CategoryCollectionView.swift */ = {isa = PBXFileReference; lastKnownFileType = sourcecode.swift; path = CategoryCollectionView.swift; sourceTree = "<group>"; };
		4510A3A729A5E6AF00B35BEE /* CategoryCollectionViewCell.swift */ = {isa = PBXFileReference; lastKnownFileType = sourcecode.swift; path = CategoryCollectionViewCell.swift; sourceTree = "<group>"; };
		4510A3AA29A5F8F000B35BEE /* TabBarController.swift */ = {isa = PBXFileReference; lastKnownFileType = sourcecode.swift; path = TabBarController.swift; sourceTree = "<group>"; };
		4510A3AD29A5FA1700B35BEE /* TabBarViewModel.swift */ = {isa = PBXFileReference; lastKnownFileType = sourcecode.swift; path = TabBarViewModel.swift; sourceTree = "<group>"; };
		4510A3B029A6044B00B35BEE /* CategorytViewController.swift */ = {isa = PBXFileReference; lastKnownFileType = sourcecode.swift; path = CategorytViewController.swift; sourceTree = "<group>"; };
		4510A3B329A604C500B35BEE /* SearchBarView.swift */ = {isa = PBXFileReference; lastKnownFileType = sourcecode.swift; path = SearchBarView.swift; sourceTree = "<group>"; };
		4510A3B729A60B3F00B35BEE /* EventCategoryListView.swift */ = {isa = PBXFileReference; lastKnownFileType = sourcecode.swift; path = EventCategoryListView.swift; sourceTree = "<group>"; };
		4510A3BA29A6133F00B35BEE /* EventCategoryListViewCell.swift */ = {isa = PBXFileReference; lastKnownFileType = sourcecode.swift; path = EventCategoryListViewCell.swift; sourceTree = "<group>"; };
		4510A3C029A6225D00B35BEE /* CategoryListView.swift */ = {isa = PBXFileReference; lastKnownFileType = sourcecode.swift; path = CategoryListView.swift; sourceTree = "<group>"; };
		4510A3C329A622DE00B35BEE /* CategoryListViewCell.swift */ = {isa = PBXFileReference; lastKnownFileType = sourcecode.swift; path = CategoryListViewCell.swift; sourceTree = "<group>"; };
		453FB748299E196B0074D441 /* HomeViewConcoller.swift */ = {isa = PBXFileReference; lastKnownFileType = sourcecode.swift; path = HomeViewConcoller.swift; sourceTree = "<group>"; };
		4541EAEC29B0631200F1C2FA /* BannerCollectionView.swift */ = {isa = PBXFileReference; lastKnownFileType = sourcecode.swift; path = BannerCollectionView.swift; sourceTree = "<group>"; };
		4541EAEE29B065BA00F1C2FA /* BannerCollectionViewCell.swift */ = {isa = PBXFileReference; lastKnownFileType = sourcecode.swift; path = BannerCollectionViewCell.swift; sourceTree = "<group>"; };
		4541EAF229B0754800F1C2FA /* RecommendModel.swift */ = {isa = PBXFileReference; lastKnownFileType = sourcecode.swift; path = RecommendModel.swift; sourceTree = "<group>"; };
		4541EAF529B07B4300F1C2FA /* BannerCollectionViewModel.swift */ = {isa = PBXFileReference; lastKnownFileType = sourcecode.swift; path = BannerCollectionViewModel.swift; sourceTree = "<group>"; };
		455F847A299E18B200A22DA0 /* SmartCommerce_iOS.app */ = {isa = PBXFileReference; explicitFileType = wrapper.application; includeInIndex = 0; path = SmartCommerce_iOS.app; sourceTree = BUILT_PRODUCTS_DIR; };
		455F847D299E18B200A22DA0 /* AppDelegate.swift */ = {isa = PBXFileReference; lastKnownFileType = sourcecode.swift; path = AppDelegate.swift; sourceTree = "<group>"; };
		455F847F299E18B200A22DA0 /* SceneDelegate.swift */ = {isa = PBXFileReference; lastKnownFileType = sourcecode.swift; path = SceneDelegate.swift; sourceTree = "<group>"; };
		455F8486299E18B200A22DA0 /* Assets.xcassets */ = {isa = PBXFileReference; lastKnownFileType = folder.assetcatalog; path = Assets.xcassets; sourceTree = "<group>"; };
		455F8489299E18B200A22DA0 /* Base */ = {isa = PBXFileReference; lastKnownFileType = file.storyboard; name = Base; path = Base.lproj/LaunchScreen.storyboard; sourceTree = "<group>"; };
		455F848B299E18B200A22DA0 /* Info.plist */ = {isa = PBXFileReference; lastKnownFileType = text.plist.xml; path = Info.plist; sourceTree = "<group>"; };
		45830F7F299E1C6D0054B30A /* HeaderSectionView.swift */ = {isa = PBXFileReference; lastKnownFileType = sourcecode.swift; path = HeaderSectionView.swift; sourceTree = "<group>"; };
		45830F85299E28A80054B30A /* MenuButtonSectionView.swift */ = {isa = PBXFileReference; lastKnownFileType = sourcecode.swift; path = MenuButtonSectionView.swift; sourceTree = "<group>"; };
		45830F88299E28EC0054B30A /* MenuButtonSectionViewModel.swift */ = {isa = PBXFileReference; lastKnownFileType = sourcecode.swift; path = MenuButtonSectionViewModel.swift; sourceTree = "<group>"; };
		45830F8C299E29DD0054B30A /* MenuData.swift */ = {isa = PBXFileReference; lastKnownFileType = sourcecode.swift; path = MenuData.swift; sourceTree = "<group>"; };
		45830FC2299F66F70054B30A /* HomeViewModel.swift */ = {isa = PBXFileReference; lastKnownFileType = sourcecode.swift; path = HomeViewModel.swift; sourceTree = "<group>"; };
		45830FC4299F675C0054B30A /* HeaderSectionViewModel.swift */ = {isa = PBXFileReference; lastKnownFileType = sourcecode.swift; path = HeaderSectionViewModel.swift; sourceTree = "<group>"; };
		45830FDA29A1FA7F0054B30A /* RecommendViewController.swift */ = {isa = PBXFileReference; lastKnownFileType = sourcecode.swift; path = RecommendViewController.swift; sourceTree = "<group>"; };
		45830FE329A224980054B30A /* RankingViewController.swift */ = {isa = PBXFileReference; lastKnownFileType = sourcecode.swift; path = RankingViewController.swift; sourceTree = "<group>"; };
		45830FE529A224A30054B30A /* StyleViewController.swift */ = {isa = PBXFileReference; lastKnownFileType = sourcecode.swift; path = StyleViewController.swift; sourceTree = "<group>"; };
		45830FE729A224AB0054B30A /* SaleViewContorller.swift */ = {isa = PBXFileReference; lastKnownFileType = sourcecode.swift; path = SaleViewContorller.swift; sourceTree = "<group>"; };
		45830FE929A224B30054B30A /* EventViewController.swift */ = {isa = PBXFileReference; lastKnownFileType = sourcecode.swift; path = EventViewController.swift; sourceTree = "<group>"; };
		459A3EE429ACA3AB00FC0164 /* CategoryModel.swift */ = {isa = PBXFileReference; lastKnownFileType = sourcecode.swift; path = CategoryModel.swift; sourceTree = "<group>"; };
		459A3EE629ACB79300FC0164 /* HomeModel.swift */ = {isa = PBXFileReference; lastKnownFileType = sourcecode.swift; path = HomeModel.swift; sourceTree = "<group>"; };
		459A3EE829ADBE2B00FC0164 /* EventCategoryCellData.swift */ = {isa = PBXFileReference; lastKnownFileType = sourcecode.swift; path = EventCategoryCellData.swift; sourceTree = "<group>"; };
		459A3EEA29ADBE6A00FC0164 /* EventCategoryDTO.swift */ = {isa = PBXFileReference; lastKnownFileType = sourcecode.swift; path = EventCategoryDTO.swift; sourceTree = "<group>"; };
		459A3EEC29ADBFAD00FC0164 /* FetchEventCategoryAPI.swift */ = {isa = PBXFileReference; lastKnownFileType = sourcecode.swift; path = FetchEventCategoryAPI.swift; sourceTree = "<group>"; };
		459A3EEE29ADC08000FC0164 /* FetchEventCategoryNetwork.swift */ = {isa = PBXFileReference; lastKnownFileType = sourcecode.swift; path = FetchEventCategoryNetwork.swift; sourceTree = "<group>"; };
		459A3EF029ADCBED00FC0164 /* RecommendViewModel.swift */ = {isa = PBXFileReference; lastKnownFileType = sourcecode.swift; path = RecommendViewModel.swift; sourceTree = "<group>"; };
		459A3EF229ADE46D00FC0164 /* CategoryCellData.swift */ = {isa = PBXFileReference; lastKnownFileType = sourcecode.swift; path = CategoryCellData.swift; sourceTree = "<group>"; };
		459A3EF429ADE49700FC0164 /* CategoryCellDTO.swift */ = {isa = PBXFileReference; lastKnownFileType = sourcecode.swift; path = CategoryCellDTO.swift; sourceTree = "<group>"; };
		459A3EF629ADE56B00FC0164 /* FetchCategoryAPI.swift */ = {isa = PBXFileReference; lastKnownFileType = sourcecode.swift; path = FetchCategoryAPI.swift; sourceTree = "<group>"; };
		459A3EF829ADE57600FC0164 /* FetchCategoryNetwork.swift */ = {isa = PBXFileReference; lastKnownFileType = sourcecode.swift; path = FetchCategoryNetwork.swift; sourceTree = "<group>"; };
		459A3EFA29ADF0D700FC0164 /* ItemTypeTableViewModel.swift */ = {isa = PBXFileReference; lastKnownFileType = sourcecode.swift; path = ItemTypeTableViewModel.swift; sourceTree = "<group>"; };
		459A3F0729AEEEE600FC0164 /* BannerPageData.swift */ = {isa = PBXFileReference; lastKnownFileType = sourcecode.swift; path = BannerPageData.swift; sourceTree = "<group>"; };
		459A3F0929AEEF1200FC0164 /* BannerPageDTO.swift */ = {isa = PBXFileReference; lastKnownFileType = sourcecode.swift; path = BannerPageDTO.swift; sourceTree = "<group>"; };
		459A3F0B29AEF02800FC0164 /* FetchBannerPageAPI.swift */ = {isa = PBXFileReference; lastKnownFileType = sourcecode.swift; path = FetchBannerPageAPI.swift; sourceTree = "<group>"; };
		459A3F0D29AEF09100FC0164 /* FetchBannerPageNetwork.swift */ = {isa = PBXFileReference; lastKnownFileType = sourcecode.swift; path = FetchBannerPageNetwork.swift; sourceTree = "<group>"; };
		45B945A029A7474E0069B5F8 /* CategoryViewModel.swift */ = {isa = PBXFileReference; lastKnownFileType = sourcecode.swift; path = CategoryViewModel.swift; sourceTree = "<group>"; };
		45B945A229A747E00069B5F8 /* EventCategoryListViewModel.swift */ = {isa = PBXFileReference; lastKnownFileType = sourcecode.swift; path = EventCategoryListViewModel.swift; sourceTree = "<group>"; };
		45B945A629A7561D0069B5F8 /* CategoryListViewModel.swift */ = {isa = PBXFileReference; lastKnownFileType = sourcecode.swift; path = CategoryListViewModel.swift; sourceTree = "<group>"; };
		45B945A829A75EE40069B5F8 /* ItemTypeData.swift */ = {isa = PBXFileReference; lastKnownFileType = sourcecode.swift; path = ItemTypeData.swift; sourceTree = "<group>"; };
		45B945AA29A7651C0069B5F8 /* ItemTypeTableView.swift */ = {isa = PBXFileReference; lastKnownFileType = sourcecode.swift; path = ItemTypeTableView.swift; sourceTree = "<group>"; };
		45B945AF29A7654F0069B5F8 /* ItemTypeTableViewCell.swift */ = {isa = PBXFileReference; lastKnownFileType = sourcecode.swift; path = ItemTypeTableViewCell.swift; sourceTree = "<group>"; };
		45B945B129A7655A0069B5F8 /* ItemTypeDetailCollectionView.swift */ = {isa = PBXFileReference; lastKnownFileType = sourcecode.swift; path = ItemTypeDetailCollectionView.swift; sourceTree = "<group>"; };
		45B945B329A765660069B5F8 /* ItemTypeDetailCollectionViewCell.swift */ = {isa = PBXFileReference; lastKnownFileType = sourcecode.swift; path = ItemTypeDetailCollectionViewCell.swift; sourceTree = "<group>"; };
		45B945BB29A77B1A0069B5F8 /* ItemTypeDetailCollectionViewHeader.swift */ = {isa = PBXFileReference; lastKnownFileType = sourcecode.swift; path = ItemTypeDetailCollectionViewHeader.swift; sourceTree = "<group>"; };
		6255257686C9225CC2843B16 /* Pods_SmartCommerce_iOS.framework */ = {isa = PBXFileReference; explicitFileType = wrapper.framework; includeInIndex = 0; path = Pods_SmartCommerce_iOS.framework; sourceTree = BUILT_PRODUCTS_DIR; };
		A50E003D538105D621771D27 /* Pods-SmartCommerce_iOS.debug.xcconfig */ = {isa = PBXFileReference; includeInIndex = 1; lastKnownFileType = text.xcconfig; name = "Pods-SmartCommerce_iOS.debug.xcconfig"; path = "Target Support Files/Pods-SmartCommerce_iOS/Pods-SmartCommerce_iOS.debug.xcconfig"; sourceTree = "<group>"; };
		DC20F36DA07D0B5E2AD76213 /* Pods-SmartCommerce_iOS.release.xcconfig */ = {isa = PBXFileReference; includeInIndex = 1; lastKnownFileType = text.xcconfig; name = "Pods-SmartCommerce_iOS.release.xcconfig"; path = "Target Support Files/Pods-SmartCommerce_iOS/Pods-SmartCommerce_iOS.release.xcconfig"; sourceTree = "<group>"; };
/* End PBXFileReference section */

/* Begin PBXFrameworksBuildPhase section */
		455F8477299E18B200A22DA0 /* Frameworks */ = {
			isa = PBXFrameworksBuildPhase;
			buildActionMask = 2147483647;
			files = (
				F575F6A6454AE2B736E8307A /* Pods_SmartCommerce_iOS.framework in Frameworks */,
			);
			runOnlyForDeploymentPostprocessing = 0;
		};
/* End PBXFrameworksBuildPhase section */

/* Begin PBXGroup section */
		4510A3A529A5E68B00B35BEE /* CategoryCollectionView */ = {
			isa = PBXGroup;
			children = (
				4510A3A329A5E68600B35BEE /* CategoryCollectionView.swift */,
				4510A3A629A5E69500B35BEE /* SubComponents */,
			);
			path = CategoryCollectionView;
			sourceTree = "<group>";
		};
		4510A3A629A5E69500B35BEE /* SubComponents */ = {
			isa = PBXGroup;
			children = (
				4510A3A929A5E6B400B35BEE /* CategoryCollectionViewCell */,
			);
			path = SubComponents;
			sourceTree = "<group>";
		};
		4510A3A929A5E6B400B35BEE /* CategoryCollectionViewCell */ = {
			isa = PBXGroup;
			children = (
				4510A3A729A5E6AF00B35BEE /* CategoryCollectionViewCell.swift */,
			);
			path = CategoryCollectionViewCell;
			sourceTree = "<group>";
		};
		4510A3AC29A5FA0800B35BEE /* TabBarController */ = {
			isa = PBXGroup;
			children = (
				4510A3AA29A5F8F000B35BEE /* TabBarController.swift */,
				4510A3AD29A5FA1700B35BEE /* TabBarViewModel.swift */,
			);
			path = TabBarController;
			sourceTree = "<group>";
		};
		4510A3AF29A603F400B35BEE /* SubComponents */ = {
			isa = PBXGroup;
			children = (
				4510A3B229A6045000B35BEE /* CategoryViewController */,
				453FB74B299E19920074D441 /* HomeViewController */,
			);
			path = SubComponents;
			sourceTree = "<group>";
		};
		4510A3B229A6045000B35BEE /* CategoryViewController */ = {
			isa = PBXGroup;
			children = (
				4510A3B029A6044B00B35BEE /* CategorytViewController.swift */,
				45B945A029A7474E0069B5F8 /* CategoryViewModel.swift */,
				459A3EE429ACA3AB00FC0164 /* CategoryModel.swift */,
				4510A3B529A604C900B35BEE /* SubComponents */,
			);
			path = CategoryViewController;
			sourceTree = "<group>";
		};
		4510A3B529A604C900B35BEE /* SubComponents */ = {
			isa = PBXGroup;
			children = (
				4510A3B629A60B1300B35BEE /* SearchBarViwe */,
				4510A3B929A60B4500B35BEE /* EventCategoryListView */,
				4510A3C229A6226100B35BEE /* CategoryListView */,
				45B945AC29A765220069B5F8 /* ItemTypeTableView */,
			);
			path = SubComponents;
			sourceTree = "<group>";
		};
		4510A3B629A60B1300B35BEE /* SearchBarViwe */ = {
			isa = PBXGroup;
			children = (
				4510A3B329A604C500B35BEE /* SearchBarView.swift */,
			);
			path = SearchBarViwe;
			sourceTree = "<group>";
		};
		4510A3B929A60B4500B35BEE /* EventCategoryListView */ = {
			isa = PBXGroup;
			children = (
				4510A3B729A60B3F00B35BEE /* EventCategoryListView.swift */,
				45B945A229A747E00069B5F8 /* EventCategoryListViewModel.swift */,
				4510A3BC29A6134600B35BEE /* SubComponents */,
			);
			path = EventCategoryListView;
			sourceTree = "<group>";
		};
		4510A3BC29A6134600B35BEE /* SubComponents */ = {
			isa = PBXGroup;
			children = (
				4510A3BD29A6134E00B35BEE /* EventCategoryListViewCell */,
			);
			path = SubComponents;
			sourceTree = "<group>";
		};
		4510A3BD29A6134E00B35BEE /* EventCategoryListViewCell */ = {
			isa = PBXGroup;
			children = (
				4510A3BA29A6133F00B35BEE /* EventCategoryListViewCell.swift */,
			);
			path = EventCategoryListViewCell;
			sourceTree = "<group>";
		};
		4510A3C229A6226100B35BEE /* CategoryListView */ = {
			isa = PBXGroup;
			children = (
				4510A3C029A6225D00B35BEE /* CategoryListView.swift */,
				45B945A629A7561D0069B5F8 /* CategoryListViewModel.swift */,
				4510A3C529A622E300B35BEE /* SubComponents */,
			);
			path = CategoryListView;
			sourceTree = "<group>";
		};
		4510A3C529A622E300B35BEE /* SubComponents */ = {
			isa = PBXGroup;
			children = (
				4510A3C629A622EA00B35BEE /* CategoryListViewCell */,
			);
			path = SubComponents;
			sourceTree = "<group>";
		};
		4510A3C629A622EA00B35BEE /* CategoryListViewCell */ = {
			isa = PBXGroup;
			children = (
				4510A3C329A622DE00B35BEE /* CategoryListViewCell.swift */,
			);
			name = CategoryListViewCell;
			sourceTree = "<group>";
		};
		453FB74A299E198B0074D441 /* Scenes */ = {
			isa = PBXGroup;
			children = (
				4510A3AC29A5FA0800B35BEE /* TabBarController */,
				4510A3AF29A603F400B35BEE /* SubComponents */,
			);
			path = Scenes;
			sourceTree = "<group>";
		};
		453FB74B299E19920074D441 /* HomeViewController */ = {
			isa = PBXGroup;
			children = (
				453FB748299E196B0074D441 /* HomeViewConcoller.swift */,
				45830FC2299F66F70054B30A /* HomeViewModel.swift */,
				459A3EE629ACB79300FC0164 /* HomeModel.swift */,
				45830F81299E28570054B30A /* SubComponents */,
			);
			path = HomeViewController;
			sourceTree = "<group>";
		};
		4541EAF429B078A400F1C2FA /* BannerCollectionView */ = {
			isa = PBXGroup;
			children = (
				4541EAEC29B0631200F1C2FA /* BannerCollectionView.swift */,
				4541EAF529B07B4300F1C2FA /* BannerCollectionViewModel.swift */,
				4541EAF729B07D9300F1C2FA /* SubComponents */,
			);
			path = BannerCollectionView;
			sourceTree = "<group>";
		};
		4541EAF729B07D9300F1C2FA /* SubComponents */ = {
			isa = PBXGroup;
			children = (
				4541EAF829B07D9D00F1C2FA /* BannerCollectionViewCell */,
			);
			path = SubComponents;
			sourceTree = "<group>";
		};
		4541EAF829B07D9D00F1C2FA /* BannerCollectionViewCell */ = {
			isa = PBXGroup;
			children = (
				4541EAEE29B065BA00F1C2FA /* BannerCollectionViewCell.swift */,
			);
			path = BannerCollectionViewCell;
			sourceTree = "<group>";
		};
		455F8471299E18B200A22DA0 = {
			isa = PBXGroup;
			children = (
				455F847C299E18B200A22DA0 /* SmartCommerce_iOS */,
				455F847B299E18B200A22DA0 /* Products */,
				DA6DD054ED3BBD35B0C1FEBC /* Pods */,
				4767DC4B51032AE528E2432D /* Frameworks */,
			);
			sourceTree = "<group>";
		};
		455F847B299E18B200A22DA0 /* Products */ = {
			isa = PBXGroup;
			children = (
				455F847A299E18B200A22DA0 /* SmartCommerce_iOS.app */,
			);
			name = Products;
			sourceTree = "<group>";
		};
		455F847C299E18B200A22DA0 /* SmartCommerce_iOS */ = {
			isa = PBXGroup;
			children = (
				455F847D299E18B200A22DA0 /* AppDelegate.swift */,
				455F847F299E18B200A22DA0 /* SceneDelegate.swift */,
				45830F8E299E29E60054B30A /* Entities */,
				459A3EDF29AA235D00FC0164 /* Network */,
				453FB74A299E198B0074D441 /* Scenes */,
				455F8486299E18B200A22DA0 /* Assets.xcassets */,
				455F8488299E18B200A22DA0 /* LaunchScreen.storyboard */,
				455F848B299E18B200A22DA0 /* Info.plist */,
			);
			path = SmartCommerce_iOS;
			sourceTree = "<group>";
		};
		45830F81299E28570054B30A /* SubComponents */ = {
			isa = PBXGroup;
			children = (
				45830F82299E28600054B30A /* HeaderSectionView */,
				45830F87299E28AE0054B30A /* MenuButtonSectionView */,
				45830FDD29A1FCA30054B30A /* RecommendViewController */,
				45830FEB29A224B70054B30A /* RankingViewController */,
				45830FEC29A224C20054B30A /* StyleViewController */,
				45830FED29A224CC0054B30A /* SaleViewController */,
				45830FEE29A224D50054B30A /* EventViewController */,
			);
			path = SubComponents;
			sourceTree = "<group>";
		};
		45830F82299E28600054B30A /* HeaderSectionView */ = {
			isa = PBXGroup;
			children = (
				45830F7F299E1C6D0054B30A /* HeaderSectionView.swift */,
				45830FC4299F675C0054B30A /* HeaderSectionViewModel.swift */,
			);
			path = HeaderSectionView;
			sourceTree = "<group>";
		};
		45830F87299E28AE0054B30A /* MenuButtonSectionView */ = {
			isa = PBXGroup;
			children = (
				45830F85299E28A80054B30A /* MenuButtonSectionView.swift */,
				45830F88299E28EC0054B30A /* MenuButtonSectionViewModel.swift */,
			);
			path = MenuButtonSectionView;
			sourceTree = "<group>";
		};
		45830F8E299E29E60054B30A /* Entities */ = {
			isa = PBXGroup;
			children = (
				45830F8C299E29DD0054B30A /* MenuData.swift */,
				45B945A829A75EE40069B5F8 /* ItemTypeData.swift */,
				459A3EE829ADBE2B00FC0164 /* EventCategoryCellData.swift */,
				459A3EEA29ADBE6A00FC0164 /* EventCategoryDTO.swift */,
				459A3EF229ADE46D00FC0164 /* CategoryCellData.swift */,
				459A3EF429ADE49700FC0164 /* CategoryCellDTO.swift */,
				459A3F0729AEEEE600FC0164 /* BannerPageData.swift */,
				459A3F0929AEEF1200FC0164 /* BannerPageDTO.swift */,
			);
			path = Entities;
			sourceTree = "<group>";
		};
		45830FDD29A1FCA30054B30A /* RecommendViewController */ = {
			isa = PBXGroup;
			children = (
				45830FDA29A1FA7F0054B30A /* RecommendViewController.swift */,
				459A3EF029ADCBED00FC0164 /* RecommendViewModel.swift */,
				4541EAF229B0754800F1C2FA /* RecommendModel.swift */,
				45830FF129A4BB280054B30A /* SubComponents */,
			);
			path = RecommendViewController;
			sourceTree = "<group>";
		};
		45830FEB29A224B70054B30A /* RankingViewController */ = {
			isa = PBXGroup;
			children = (
				45830FE329A224980054B30A /* RankingViewController.swift */,
			);
			path = RankingViewController;
			sourceTree = "<group>";
		};
		45830FEC29A224C20054B30A /* StyleViewController */ = {
			isa = PBXGroup;
			children = (
				45830FE529A224A30054B30A /* StyleViewController.swift */,
			);
			path = StyleViewController;
			sourceTree = "<group>";
		};
		45830FED29A224CC0054B30A /* SaleViewController */ = {
			isa = PBXGroup;
			children = (
				45830FE729A224AB0054B30A /* SaleViewContorller.swift */,
			);
			path = SaleViewController;
			sourceTree = "<group>";
		};
		45830FEE29A224D50054B30A /* EventViewController */ = {
			isa = PBXGroup;
			children = (
				45830FE929A224B30054B30A /* EventViewController.swift */,
			);
			path = EventViewController;
			sourceTree = "<group>";
		};
		45830FF129A4BB280054B30A /* SubComponents */ = {
			isa = PBXGroup;
			children = (
				4541EAF429B078A400F1C2FA /* BannerCollectionView */,
				4510A3A529A5E68B00B35BEE /* CategoryCollectionView */,
			);
			path = SubComponents;
			sourceTree = "<group>";
		};
		459A3EDF29AA235D00FC0164 /* Network */ = {
			isa = PBXGroup;
			children = (
				459A3EEC29ADBFAD00FC0164 /* FetchEventCategoryAPI.swift */,
				459A3EEE29ADC08000FC0164 /* FetchEventCategoryNetwork.swift */,
				459A3EF629ADE56B00FC0164 /* FetchCategoryAPI.swift */,
				459A3EF829ADE57600FC0164 /* FetchCategoryNetwork.swift */,
				459A3F0B29AEF02800FC0164 /* FetchBannerPageAPI.swift */,
				459A3F0D29AEF09100FC0164 /* FetchBannerPageNetwork.swift */,
			);
			path = Network;
			sourceTree = "<group>";
		};
		45B945AC29A765220069B5F8 /* ItemTypeTableView */ = {
			isa = PBXGroup;
			children = (
				45B945AA29A7651C0069B5F8 /* ItemTypeTableView.swift */,
				459A3EFA29ADF0D700FC0164 /* ItemTypeTableViewModel.swift */,
				45B945B529A765700069B5F8 /* SubComponents */,
			);
			path = ItemTypeTableView;
			sourceTree = "<group>";
		};
		45B945B529A765700069B5F8 /* SubComponents */ = {
			isa = PBXGroup;
			children = (
				45B945B629A7657A0069B5F8 /* ItemTypeTableViewCell */,
			);
			path = SubComponents;
			sourceTree = "<group>";
		};
		45B945B629A7657A0069B5F8 /* ItemTypeTableViewCell */ = {
			isa = PBXGroup;
			children = (
				45B945AF29A7654F0069B5F8 /* ItemTypeTableViewCell.swift */,
				45B945B729A7658B0069B5F8 /* SubComponents */,
			);
			path = ItemTypeTableViewCell;
			sourceTree = "<group>";
		};
		45B945B729A7658B0069B5F8 /* SubComponents */ = {
			isa = PBXGroup;
			children = (
				45B945B829A765980069B5F8 /* ItemTypeDetailCollectionView */,
			);
			path = SubComponents;
			sourceTree = "<group>";
		};
		45B945B829A765980069B5F8 /* ItemTypeDetailCollectionView */ = {
			isa = PBXGroup;
			children = (
				45B945B129A7655A0069B5F8 /* ItemTypeDetailCollectionView.swift */,
				45B945B929A765AB0069B5F8 /* SubComponents */,
			);
			path = ItemTypeDetailCollectionView;
			sourceTree = "<group>";
		};
		45B945B929A765AB0069B5F8 /* SubComponents */ = {
			isa = PBXGroup;
			children = (
				45B945BA29A765B00069B5F8 /* ItemTypeDetailCollectionViewCell */,
				45B945BD29A77B1E0069B5F8 /* ItemTypeDetailCollectionViewHeader */,
			);
			path = SubComponents;
			sourceTree = "<group>";
		};
		45B945BA29A765B00069B5F8 /* ItemTypeDetailCollectionViewCell */ = {
			isa = PBXGroup;
			children = (
				45B945B329A765660069B5F8 /* ItemTypeDetailCollectionViewCell.swift */,
			);
			path = ItemTypeDetailCollectionViewCell;
			sourceTree = "<group>";
		};
		45B945BD29A77B1E0069B5F8 /* ItemTypeDetailCollectionViewHeader */ = {
			isa = PBXGroup;
			children = (
				45B945BB29A77B1A0069B5F8 /* ItemTypeDetailCollectionViewHeader.swift */,
			);
			path = ItemTypeDetailCollectionViewHeader;
			sourceTree = "<group>";
		};
		4767DC4B51032AE528E2432D /* Frameworks */ = {
			isa = PBXGroup;
			children = (
				6255257686C9225CC2843B16 /* Pods_SmartCommerce_iOS.framework */,
			);
			name = Frameworks;
			sourceTree = "<group>";
		};
		DA6DD054ED3BBD35B0C1FEBC /* Pods */ = {
			isa = PBXGroup;
			children = (
				A50E003D538105D621771D27 /* Pods-SmartCommerce_iOS.debug.xcconfig */,
				DC20F36DA07D0B5E2AD76213 /* Pods-SmartCommerce_iOS.release.xcconfig */,
			);
			path = Pods;
			sourceTree = "<group>";
		};
/* End PBXGroup section */

/* Begin PBXNativeTarget section */
		455F8479299E18B200A22DA0 /* SmartCommerce_iOS */ = {
			isa = PBXNativeTarget;
			buildConfigurationList = 455F848E299E18B200A22DA0 /* Build configuration list for PBXNativeTarget "SmartCommerce_iOS" */;
			buildPhases = (
				9FADF95071774E17F8F40CE7 /* [CP] Check Pods Manifest.lock */,
				455F8476299E18B200A22DA0 /* Sources */,
				455F8477299E18B200A22DA0 /* Frameworks */,
				455F8478299E18B200A22DA0 /* Resources */,
				B2B72DB7B81AD0B04E3B61A1 /* [CP] Embed Pods Frameworks */,
			);
			buildRules = (
			);
			dependencies = (
			);
			name = SmartCommerce_iOS;
			productName = SmartCommerce_iOS;
			productReference = 455F847A299E18B200A22DA0 /* SmartCommerce_iOS.app */;
			productType = "com.apple.product-type.application";
		};
/* End PBXNativeTarget section */

/* Begin PBXProject section */
		455F8472299E18B200A22DA0 /* Project object */ = {
			isa = PBXProject;
			attributes = {
				BuildIndependentTargetsInParallel = 1;
				LastSwiftUpdateCheck = 1420;
				LastUpgradeCheck = 1420;
				TargetAttributes = {
					455F8479299E18B200A22DA0 = {
						CreatedOnToolsVersion = 14.2;
					};
				};
			};
			buildConfigurationList = 455F8475299E18B200A22DA0 /* Build configuration list for PBXProject "SmartCommerce_iOS" */;
			compatibilityVersion = "Xcode 13.0";
			developmentRegion = en;
			hasScannedForEncodings = 0;
			knownRegions = (
				en,
				Base,
			);
			mainGroup = 455F8471299E18B200A22DA0;
			productRefGroup = 455F847B299E18B200A22DA0 /* Products */;
			projectDirPath = "";
			projectRoot = "";
			targets = (
				455F8479299E18B200A22DA0 /* SmartCommerce_iOS */,
			);
		};
/* End PBXProject section */

/* Begin PBXResourcesBuildPhase section */
		455F8478299E18B200A22DA0 /* Resources */ = {
			isa = PBXResourcesBuildPhase;
			buildActionMask = 2147483647;
			files = (
				455F848A299E18B200A22DA0 /* LaunchScreen.storyboard in Resources */,
				455F8487299E18B200A22DA0 /* Assets.xcassets in Resources */,
			);
			runOnlyForDeploymentPostprocessing = 0;
		};
/* End PBXResourcesBuildPhase section */

/* Begin PBXShellScriptBuildPhase section */
		9FADF95071774E17F8F40CE7 /* [CP] Check Pods Manifest.lock */ = {
			isa = PBXShellScriptBuildPhase;
			buildActionMask = 2147483647;
			files = (
			);
			inputFileListPaths = (
			);
			inputPaths = (
				"${PODS_PODFILE_DIR_PATH}/Podfile.lock",
				"${PODS_ROOT}/Manifest.lock",
			);
			name = "[CP] Check Pods Manifest.lock";
			outputFileListPaths = (
			);
			outputPaths = (
				"$(DERIVED_FILE_DIR)/Pods-SmartCommerce_iOS-checkManifestLockResult.txt",
			);
			runOnlyForDeploymentPostprocessing = 0;
			shellPath = /bin/sh;
			shellScript = "diff \"${PODS_PODFILE_DIR_PATH}/Podfile.lock\" \"${PODS_ROOT}/Manifest.lock\" > /dev/null\nif [ $? != 0 ] ; then\n    # print error to STDERR\n    echo \"error: The sandbox is not in sync with the Podfile.lock. Run 'pod install' or update your CocoaPods installation.\" >&2\n    exit 1\nfi\n# This output is used by Xcode 'outputs' to avoid re-running this script phase.\necho \"SUCCESS\" > \"${SCRIPT_OUTPUT_FILE_0}\"\n";
			showEnvVarsInLog = 0;
		};
		B2B72DB7B81AD0B04E3B61A1 /* [CP] Embed Pods Frameworks */ = {
			isa = PBXShellScriptBuildPhase;
			buildActionMask = 2147483647;
			files = (
			);
			inputFileListPaths = (
				"${PODS_ROOT}/Target Support Files/Pods-SmartCommerce_iOS/Pods-SmartCommerce_iOS-frameworks-${CONFIGURATION}-input-files.xcfilelist",
			);
			name = "[CP] Embed Pods Frameworks";
			outputFileListPaths = (
				"${PODS_ROOT}/Target Support Files/Pods-SmartCommerce_iOS/Pods-SmartCommerce_iOS-frameworks-${CONFIGURATION}-output-files.xcfilelist",
			);
			runOnlyForDeploymentPostprocessing = 0;
			shellPath = /bin/sh;
			shellScript = "\"${PODS_ROOT}/Target Support Files/Pods-SmartCommerce_iOS/Pods-SmartCommerce_iOS-frameworks.sh\"\n";
			showEnvVarsInLog = 0;
		};
/* End PBXShellScriptBuildPhase section */

/* Begin PBXSourcesBuildPhase section */
		455F8476299E18B200A22DA0 /* Sources */ = {
			isa = PBXSourcesBuildPhase;
			buildActionMask = 2147483647;
			files = (
				4510A3AE29A5FA1700B35BEE /* TabBarViewModel.swift in Sources */,
				4510A3BB29A6133F00B35BEE /* EventCategoryListViewCell.swift in Sources */,
				459A3EED29ADBFAD00FC0164 /* FetchEventCategoryAPI.swift in Sources */,
				4510A3A429A5E68600B35BEE /* CategoryCollectionView.swift in Sources */,
				45830FE629A224A30054B30A /* StyleViewController.swift in Sources */,
				45830F8D299E29DD0054B30A /* MenuData.swift in Sources */,
				45830FE829A224AB0054B30A /* SaleViewContorller.swift in Sources */,
				4510A3A829A5E6AF00B35BEE /* CategoryCollectionViewCell.swift in Sources */,
				45830F86299E28A80054B30A /* MenuButtonSectionView.swift in Sources */,
				45830FC5299F675C0054B30A /* HeaderSectionViewModel.swift in Sources */,
				459A3F0C29AEF02800FC0164 /* FetchBannerPageAPI.swift in Sources */,
				45830FC3299F66F70054B30A /* HomeViewModel.swift in Sources */,
				4541EAF329B0754800F1C2FA /* RecommendModel.swift in Sources */,
				459A3EEB29ADBE6A00FC0164 /* EventCategoryDTO.swift in Sources */,
				459A3F0A29AEEF1200FC0164 /* BannerPageDTO.swift in Sources */,
				459A3EF529ADE49700FC0164 /* CategoryCellDTO.swift in Sources */,
				459A3EF129ADCBED00FC0164 /* RecommendViewModel.swift in Sources */,
				45830FDB29A1FA800054B30A /* RecommendViewController.swift in Sources */,
				459A3EE529ACA3AB00FC0164 /* CategoryModel.swift in Sources */,
				459A3F0E29AEF09100FC0164 /* FetchBannerPageNetwork.swift in Sources */,
				4510A3AB29A5F8F000B35BEE /* TabBarController.swift in Sources */,
				455F847E299E18B200A22DA0 /* AppDelegate.swift in Sources */,
				4510A3C429A622DE00B35BEE /* CategoryListViewCell.swift in Sources */,
				45B945AB29A7651C0069B5F8 /* ItemTypeTableView.swift in Sources */,
				45B945A329A747E00069B5F8 /* EventCategoryListViewModel.swift in Sources */,
				45B945A929A75EE40069B5F8 /* ItemTypeData.swift in Sources */,
				459A3EF929ADE57600FC0164 /* FetchCategoryNetwork.swift in Sources */,
				4510A3B129A6044B00B35BEE /* CategorytViewController.swift in Sources */,
				459A3EF729ADE56B00FC0164 /* FetchCategoryAPI.swift in Sources */,
				453FB749299E196B0074D441 /* HomeViewConcoller.swift in Sources */,
				4510A3B829A60B3F00B35BEE /* EventCategoryListView.swift in Sources */,
				4510A3C129A6225D00B35BEE /* CategoryListView.swift in Sources */,
				45830FEA29A224B30054B30A /* EventViewController.swift in Sources */,
				455F8480299E18B200A22DA0 /* SceneDelegate.swift in Sources */,
				4541EAED29B0631200F1C2FA /* BannerCollectionView.swift in Sources */,
				4541EAEF29B065BA00F1C2FA /* BannerCollectionViewCell.swift in Sources */,
				4510A3B429A604C500B35BEE /* SearchBarView.swift in Sources */,
				4541EAF629B07B4300F1C2FA /* BannerCollectionViewModel.swift in Sources */,
				459A3F0829AEEEE600FC0164 /* BannerPageData.swift in Sources */,
				459A3EFB29ADF0D700FC0164 /* ItemTypeTableViewModel.swift in Sources */,
				45830F80299E1C6D0054B30A /* HeaderSectionView.swift in Sources */,
				459A3EE929ADBE2B00FC0164 /* EventCategoryCellData.swift in Sources */,
				45B945B229A7655A0069B5F8 /* ItemTypeDetailCollectionView.swift in Sources */,
				459A3EEF29ADC08000FC0164 /* FetchEventCategoryNetwork.swift in Sources */,
				45B945A129A7474E0069B5F8 /* CategoryViewModel.swift in Sources */,
				45B945B029A7654F0069B5F8 /* ItemTypeTableViewCell.swift in Sources */,
				45B945B429A765660069B5F8 /* ItemTypeDetailCollectionViewCell.swift in Sources */,
				45830F89299E28EC0054B30A /* MenuButtonSectionViewModel.swift in Sources */,
				45B945A729A7561D0069B5F8 /* CategoryListViewModel.swift in Sources */,
				45830FE429A224980054B30A /* RankingViewController.swift in Sources */,
				459A3EF329ADE46E00FC0164 /* CategoryCellData.swift in Sources */,
				459A3EE729ACB79300FC0164 /* HomeModel.swift in Sources */,
				45B945BC29A77B1A0069B5F8 /* ItemTypeDetailCollectionViewHeader.swift in Sources */,
			);
			runOnlyForDeploymentPostprocessing = 0;
		};
/* End PBXSourcesBuildPhase section */

/* Begin PBXVariantGroup section */
		455F8488299E18B200A22DA0 /* LaunchScreen.storyboard */ = {
			isa = PBXVariantGroup;
			children = (
				455F8489299E18B200A22DA0 /* Base */,
			);
			name = LaunchScreen.storyboard;
			sourceTree = "<group>";
		};
/* End PBXVariantGroup section */

/* Begin XCBuildConfiguration section */
		455F848C299E18B200A22DA0 /* Debug */ = {
			isa = XCBuildConfiguration;
			buildSettings = {
				ALWAYS_SEARCH_USER_PATHS = NO;
				CLANG_ANALYZER_NONNULL = YES;
				CLANG_ANALYZER_NUMBER_OBJECT_CONVERSION = YES_AGGRESSIVE;
				CLANG_CXX_LANGUAGE_STANDARD = "gnu++20";
				CLANG_ENABLE_MODULES = YES;
				CLANG_ENABLE_OBJC_ARC = YES;
				CLANG_ENABLE_OBJC_WEAK = YES;
				CLANG_WARN_BLOCK_CAPTURE_AUTORELEASING = YES;
				CLANG_WARN_BOOL_CONVERSION = YES;
				CLANG_WARN_COMMA = YES;
				CLANG_WARN_CONSTANT_CONVERSION = YES;
				CLANG_WARN_DEPRECATED_OBJC_IMPLEMENTATIONS = YES;
				CLANG_WARN_DIRECT_OBJC_ISA_USAGE = YES_ERROR;
				CLANG_WARN_DOCUMENTATION_COMMENTS = YES;
				CLANG_WARN_EMPTY_BODY = YES;
				CLANG_WARN_ENUM_CONVERSION = YES;
				CLANG_WARN_INFINITE_RECURSION = YES;
				CLANG_WARN_INT_CONVERSION = YES;
				CLANG_WARN_NON_LITERAL_NULL_CONVERSION = YES;
				CLANG_WARN_OBJC_IMPLICIT_RETAIN_SELF = YES;
				CLANG_WARN_OBJC_LITERAL_CONVERSION = YES;
				CLANG_WARN_OBJC_ROOT_CLASS = YES_ERROR;
				CLANG_WARN_QUOTED_INCLUDE_IN_FRAMEWORK_HEADER = YES;
				CLANG_WARN_RANGE_LOOP_ANALYSIS = YES;
				CLANG_WARN_STRICT_PROTOTYPES = YES;
				CLANG_WARN_SUSPICIOUS_MOVE = YES;
				CLANG_WARN_UNGUARDED_AVAILABILITY = YES_AGGRESSIVE;
				CLANG_WARN_UNREACHABLE_CODE = YES;
				CLANG_WARN__DUPLICATE_METHOD_MATCH = YES;
				COPY_PHASE_STRIP = NO;
				DEBUG_INFORMATION_FORMAT = dwarf;
				ENABLE_STRICT_OBJC_MSGSEND = YES;
				ENABLE_TESTABILITY = YES;
				GCC_C_LANGUAGE_STANDARD = gnu11;
				GCC_DYNAMIC_NO_PIC = NO;
				GCC_NO_COMMON_BLOCKS = YES;
				GCC_OPTIMIZATION_LEVEL = 0;
				GCC_PREPROCESSOR_DEFINITIONS = (
					"DEBUG=1",
					"$(inherited)",
				);
				GCC_WARN_64_TO_32_BIT_CONVERSION = YES;
				GCC_WARN_ABOUT_RETURN_TYPE = YES_ERROR;
				GCC_WARN_UNDECLARED_SELECTOR = YES;
				GCC_WARN_UNINITIALIZED_AUTOS = YES_AGGRESSIVE;
				GCC_WARN_UNUSED_FUNCTION = YES;
				GCC_WARN_UNUSED_VARIABLE = YES;
				IPHONEOS_DEPLOYMENT_TARGET = 16.2;
				MTL_ENABLE_DEBUG_INFO = INCLUDE_SOURCE;
				MTL_FAST_MATH = YES;
				ONLY_ACTIVE_ARCH = YES;
				SDKROOT = iphoneos;
				SWIFT_ACTIVE_COMPILATION_CONDITIONS = DEBUG;
				SWIFT_OPTIMIZATION_LEVEL = "-Onone";
			};
			name = Debug;
		};
		455F848D299E18B200A22DA0 /* Release */ = {
			isa = XCBuildConfiguration;
			buildSettings = {
				ALWAYS_SEARCH_USER_PATHS = NO;
				CLANG_ANALYZER_NONNULL = YES;
				CLANG_ANALYZER_NUMBER_OBJECT_CONVERSION = YES_AGGRESSIVE;
				CLANG_CXX_LANGUAGE_STANDARD = "gnu++20";
				CLANG_ENABLE_MODULES = YES;
				CLANG_ENABLE_OBJC_ARC = YES;
				CLANG_ENABLE_OBJC_WEAK = YES;
				CLANG_WARN_BLOCK_CAPTURE_AUTORELEASING = YES;
				CLANG_WARN_BOOL_CONVERSION = YES;
				CLANG_WARN_COMMA = YES;
				CLANG_WARN_CONSTANT_CONVERSION = YES;
				CLANG_WARN_DEPRECATED_OBJC_IMPLEMENTATIONS = YES;
				CLANG_WARN_DIRECT_OBJC_ISA_USAGE = YES_ERROR;
				CLANG_WARN_DOCUMENTATION_COMMENTS = YES;
				CLANG_WARN_EMPTY_BODY = YES;
				CLANG_WARN_ENUM_CONVERSION = YES;
				CLANG_WARN_INFINITE_RECURSION = YES;
				CLANG_WARN_INT_CONVERSION = YES;
				CLANG_WARN_NON_LITERAL_NULL_CONVERSION = YES;
				CLANG_WARN_OBJC_IMPLICIT_RETAIN_SELF = YES;
				CLANG_WARN_OBJC_LITERAL_CONVERSION = YES;
				CLANG_WARN_OBJC_ROOT_CLASS = YES_ERROR;
				CLANG_WARN_QUOTED_INCLUDE_IN_FRAMEWORK_HEADER = YES;
				CLANG_WARN_RANGE_LOOP_ANALYSIS = YES;
				CLANG_WARN_STRICT_PROTOTYPES = YES;
				CLANG_WARN_SUSPICIOUS_MOVE = YES;
				CLANG_WARN_UNGUARDED_AVAILABILITY = YES_AGGRESSIVE;
				CLANG_WARN_UNREACHABLE_CODE = YES;
				CLANG_WARN__DUPLICATE_METHOD_MATCH = YES;
				COPY_PHASE_STRIP = NO;
				DEBUG_INFORMATION_FORMAT = "dwarf-with-dsym";
				ENABLE_NS_ASSERTIONS = NO;
				ENABLE_STRICT_OBJC_MSGSEND = YES;
				GCC_C_LANGUAGE_STANDARD = gnu11;
				GCC_NO_COMMON_BLOCKS = YES;
				GCC_WARN_64_TO_32_BIT_CONVERSION = YES;
				GCC_WARN_ABOUT_RETURN_TYPE = YES_ERROR;
				GCC_WARN_UNDECLARED_SELECTOR = YES;
				GCC_WARN_UNINITIALIZED_AUTOS = YES_AGGRESSIVE;
				GCC_WARN_UNUSED_FUNCTION = YES;
				GCC_WARN_UNUSED_VARIABLE = YES;
				IPHONEOS_DEPLOYMENT_TARGET = 16.2;
				MTL_ENABLE_DEBUG_INFO = NO;
				MTL_FAST_MATH = YES;
				SDKROOT = iphoneos;
				SWIFT_COMPILATION_MODE = wholemodule;
				SWIFT_OPTIMIZATION_LEVEL = "-O";
				VALIDATE_PRODUCT = YES;
			};
			name = Release;
		};
		455F848F299E18B200A22DA0 /* Debug */ = {
			isa = XCBuildConfiguration;
			baseConfigurationReference = A50E003D538105D621771D27 /* Pods-SmartCommerce_iOS.debug.xcconfig */;
			buildSettings = {
				ASSETCATALOG_COMPILER_APPICON_NAME = AppIcon;
				ASSETCATALOG_COMPILER_GLOBAL_ACCENT_COLOR_NAME = AccentColor;
				CODE_SIGN_STYLE = Automatic;
				CURRENT_PROJECT_VERSION = 1;
				DEVELOPMENT_TEAM = SUHZ238M29;
				GENERATE_INFOPLIST_FILE = YES;
				INFOPLIST_FILE = SmartCommerce_iOS/Info.plist;
				INFOPLIST_KEY_UIApplicationSupportsIndirectInputEvents = YES;
				INFOPLIST_KEY_UILaunchStoryboardName = LaunchScreen;
				INFOPLIST_KEY_UISupportedInterfaceOrientations_iPad = "UIInterfaceOrientationPortrait UIInterfaceOrientationPortraitUpsideDown UIInterfaceOrientationLandscapeLeft UIInterfaceOrientationLandscapeRight";
				INFOPLIST_KEY_UISupportedInterfaceOrientations_iPhone = "UIInterfaceOrientationPortrait UIInterfaceOrientationLandscapeLeft UIInterfaceOrientationLandscapeRight";
				LD_RUNPATH_SEARCH_PATHS = (
					"$(inherited)",
					"@executable_path/Frameworks",
				);
				MARKETING_VERSION = 1.0;
				PRODUCT_BUNDLE_IDENTIFIER = "kr.co.project.SmartCommerce-iOS";
				PRODUCT_NAME = "$(TARGET_NAME)";
				SWIFT_EMIT_LOC_STRINGS = YES;
				SWIFT_VERSION = 5.0;
				TARGETED_DEVICE_FAMILY = "1,2";
			};
			name = Debug;
		};
		455F8490299E18B200A22DA0 /* Release */ = {
			isa = XCBuildConfiguration;
			baseConfigurationReference = DC20F36DA07D0B5E2AD76213 /* Pods-SmartCommerce_iOS.release.xcconfig */;
			buildSettings = {
				ASSETCATALOG_COMPILER_APPICON_NAME = AppIcon;
				ASSETCATALOG_COMPILER_GLOBAL_ACCENT_COLOR_NAME = AccentColor;
				CODE_SIGN_STYLE = Automatic;
				CURRENT_PROJECT_VERSION = 1;
				DEVELOPMENT_TEAM = SUHZ238M29;
				GENERATE_INFOPLIST_FILE = YES;
				INFOPLIST_FILE = SmartCommerce_iOS/Info.plist;
				INFOPLIST_KEY_UIApplicationSupportsIndirectInputEvents = YES;
				INFOPLIST_KEY_UILaunchStoryboardName = LaunchScreen;
				INFOPLIST_KEY_UISupportedInterfaceOrientations_iPad = "UIInterfaceOrientationPortrait UIInterfaceOrientationPortraitUpsideDown UIInterfaceOrientationLandscapeLeft UIInterfaceOrientationLandscapeRight";
				INFOPLIST_KEY_UISupportedInterfaceOrientations_iPhone = "UIInterfaceOrientationPortrait UIInterfaceOrientationLandscapeLeft UIInterfaceOrientationLandscapeRight";
				LD_RUNPATH_SEARCH_PATHS = (
					"$(inherited)",
					"@executable_path/Frameworks",
				);
				MARKETING_VERSION = 1.0;
				PRODUCT_BUNDLE_IDENTIFIER = "kr.co.project.SmartCommerce-iOS";
				PRODUCT_NAME = "$(TARGET_NAME)";
				SWIFT_EMIT_LOC_STRINGS = YES;
				SWIFT_VERSION = 5.0;
				TARGETED_DEVICE_FAMILY = "1,2";
			};
			name = Release;
		};
/* End XCBuildConfiguration section */

/* Begin XCConfigurationList section */
		455F8475299E18B200A22DA0 /* Build configuration list for PBXProject "SmartCommerce_iOS" */ = {
			isa = XCConfigurationList;
			buildConfigurations = (
				455F848C299E18B200A22DA0 /* Debug */,
				455F848D299E18B200A22DA0 /* Release */,
			);
			defaultConfigurationIsVisible = 0;
			defaultConfigurationName = Release;
		};
		455F848E299E18B200A22DA0 /* Build configuration list for PBXNativeTarget "SmartCommerce_iOS" */ = {
			isa = XCConfigurationList;
			buildConfigurations = (
				455F848F299E18B200A22DA0 /* Debug */,
				455F8490299E18B200A22DA0 /* Release */,
			);
			defaultConfigurationIsVisible = 0;
			defaultConfigurationName = Release;
		};
/* End XCConfigurationList section */
	};
	rootObject = 455F8472299E18B200A22DA0 /* Project object */;
}
